
Microsoft Visual Studio Solution File, Format Version 12.00
# Visual Studio Version 16
VisualStudioVersion = 16.0.30804.86
MinimumVisualStudioVersion = 10.0.40219.1
Project("{9A19103F-16F7-4668-BE54-9A1E7A4F7556}") = "DataAccess", "DataAccess\DataAccess.csproj", "{E2953202-84E9-4626-868F-0F4D886EC3A9}"
EndProject
Project("{9A19103F-16F7-4668-BE54-9A1E7A4F7556}") = "Business", "Business\Business.csproj", "{22DABAA6-D2A8-43CF-AAE6-C641327F99DE}"
EndProject
Project("{9A19103F-16F7-4668-BE54-9A1E7A4F7556}") = "Entities", "Entities\Entities.csproj", "{A19B9D06-64AC-496B-8A3C-986FAF042D8C}"
EndProject
Project("{9A19103F-16F7-4668-BE54-9A1E7A4F7556}") = "ConsoleUI", "ConsoleUI\ConsoleUI.csproj", "{013EC68C-4C34-4D9E-A644-AF74E035BCBB}"
EndProject
Project("{9A19103F-16F7-4668-BE54-9A1E7A4F7556}") = "Core", "Core\Core.csproj", "{E90A052E-FB82-424A-8E89-90CE6972C20C}"
EndProject
Project("{FAE04EC0-301F-11D3-BF4B-00C04F79EFBC}") = "WebAPI", "WebAPI\WebAPI.csproj", "{159A6D42-8E6B-4914-A520-258412C74027}"
EndProject
Global
	GlobalSection(SolutionConfigurationPlatforms) = preSolution
		Debug|Any CPU = Debug|Any CPU
		Release|Any CPU = Release|Any CPU
	EndGlobalSection
	GlobalSection(ProjectConfigurationPlatforms) = postSolution
		{E2953202-84E9-4626-868F-0F4D886EC3A9}.Debug|Any CPU.ActiveCfg = Debug|Any CPU
		{E2953202-84E9-4626-868F-0F4D886EC3A9}.Debug|Any CPU.Build.0 = Debug|Any CPU
		{E2953202-84E9-4626-868F-0F4D886EC3A9}.Release|Any CPU.ActiveCfg = Release|Any CPU
		{E2953202-84E9-4626-868F-0F4D886EC3A9}.Release|Any CPU.Build.0 = Release|Any CPU
		{22DABAA6-D2A8-43CF-AAE6-C641327F99DE}.Debug|Any CPU.ActiveCfg = Debug|Any CPU
		{22DABAA6-D2A8-43CF-AAE6-C641327F99DE}.Debug|Any CPU.Build.0 = Debug|Any CPU
		{22DABAA6-D2A8-43CF-AAE6-C641327F99DE}.Release|Any CPU.ActiveCfg = Release|Any CPU
		{22DABAA6-D2A8-43CF-AAE6-C641327F99DE}.Release|Any CPU.Build.0 = Release|Any CPU
		{A19B9D06-64AC-496B-8A3C-986FAF042D8C}.Debug|Any CPU.ActiveCfg = Debug|Any CPU
		{A19B9D06-64AC-496B-8A3C-986FAF042D8C}.Debug|Any CPU.Build.0 = Debug|Any CPU
		{A19B9D06-64AC-496B-8A3C-986FAF042D8C}.Release|Any CPU.ActiveCfg = Release|Any CPU
		{A19B9D06-64AC-496B-8A3C-986FAF042D8C}.Release|Any CPU.Build.0 = Release|Any CPU
		{013EC68C-4C34-4D9E-A644-AF74E035BCBB}.Debug|Any CPU.ActiveCfg = Debug|Any CPU
		{013EC68C-4C34-4D9E-A644-AF74E035BCBB}.Debug|Any CPU.Build.0 = Debug|Any CPU
		{013EC68C-4C34-4D9E-A644-AF74E035BCBB}.Release|Any CPU.ActiveCfg = Release|Any CPU
		{013EC68C-4C34-4D9E-A644-AF74E035BCBB}.Release|Any CPU.Build.0 = Release|Any CPU
		{E90A052E-FB82-424A-8E89-90CE6972C20C}.Debug|Any CPU.ActiveCfg = Debug|Any CPU
		{E90A052E-FB82-424A-8E89-90CE6972C20C}.Debug|Any CPU.Build.0 = Debug|Any CPU
		{E90A052E-FB82-424A-8E89-90CE6972C20C}.Release|Any CPU.ActiveCfg = Release|Any CPU
		{E90A052E-FB82-424A-8E89-90CE6972C20C}.Release|Any CPU.Build.0 = Release|Any CPU
		{159A6D42-8E6B-4914-A520-258412C74027}.Debug|Any CPU.ActiveCfg = Debug|Any CPU
		{159A6D42-8E6B-4914-A520-258412C74027}.Debug|Any CPU.Build.0 = Debug|Any CPU
		{159A6D42-8E6B-4914-A520-258412C74027}.Release|Any CPU.ActiveCfg = Release|Any CPU
		{159A6D42-8E6B-4914-A520-258412C74027}.Release|Any CPU.Build.0 = Release|Any CPU
	EndGlobalSection
	GlobalSection(SolutionProperties) = preSolution
		HideSolutionNode = FALSE
	EndGlobalSection
	GlobalSection(ExtensibilityGlobals) = postSolution
		SolutionGuid = {2274890A-897A-4416-A92C-233E0FA84805}
	EndGlobalSection
EndGlobal
